{
  "name": "nova-chain",
  "version": "0.19.0",
  "lockfileVersion": 3,
  "requires": true,
  "packages": {
    "": {
      "name": "nova-chain",
      "version": "0.19.0",
      "license": "MIT",
      "bin": {
        "nova": "src/cli.js"
      },
      "engines": {
        "node": ">=22"
      }
    }
  }
}
